
Microsoft Visual Studio Solution File, Format Version 12.00
# Visual Studio Version 17
VisualStudioVersion = 17.0.31903.59
MinimumVisualStudioVersion = 10.0.40219.1
Project("{2150E333-8FDC-42A3-9474-1A3956D46DE8}") = "src", "src", "{E8E8EE11-4E71-432A-A1CA-D16BBC214BCE}"
EndProject
Project("{FAE04EC0-301F-11D3-BF4B-00C04F79EFBC}") = "Zetworking", "src\Zetworking\Zetworking.csproj", "{1ED89245-07D7-480B-AF12-65EBC9827FC5}"
EndProject
Project("{FAE04EC0-301F-11D3-BF4B-00C04F79EFBC}") = "Zetworking.Tests", "src\Zetworking.Tests\Zetworking.Tests.csproj", "{682763BA-2DC9-4112-9C4C-2B357ED5FB53}"
EndProject
Global
	GlobalSection(SolutionConfigurationPlatforms) = preSolution
		Debug|Any CPU = Debug|Any CPU
		Release|Any CPU = Release|Any CPU
	EndGlobalSection
	GlobalSection(SolutionProperties) = preSolution
		HideSolutionNode = FALSE
	EndGlobalSection
	GlobalSection(ProjectConfigurationPlatforms) = postSolution
		{1ED89245-07D7-480B-AF12-65EBC9827FC5}.Debug|Any CPU.ActiveCfg = Debug|Any CPU
		{1ED89245-07D7-480B-AF12-65EBC9827FC5}.Debug|Any CPU.Build.0 = Debug|Any CPU
		{1ED89245-07D7-480B-AF12-65EBC9827FC5}.Release|Any CPU.ActiveCfg = Release|Any CPU
		{1ED89245-07D7-480B-AF12-65EBC9827FC5}.Release|Any CPU.Build.0 = Release|Any CPU
		{682763BA-2DC9-4112-9C4C-2B357ED5FB53}.Debug|Any CPU.ActiveCfg = Debug|Any CPU
		{682763BA-2DC9-4112-9C4C-2B357ED5FB53}.Debug|Any CPU.Build.0 = Debug|Any CPU
		{682763BA-2DC9-4112-9C4C-2B357ED5FB53}.Release|Any CPU.ActiveCfg = Release|Any CPU
		{682763BA-2DC9-4112-9C4C-2B357ED5FB53}.Release|Any CPU.Build.0 = Release|Any CPU
	EndGlobalSection
	GlobalSection(NestedProjects) = preSolution
		{1ED89245-07D7-480B-AF12-65EBC9827FC5} = {E8E8EE11-4E71-432A-A1CA-D16BBC214BCE}
		{682763BA-2DC9-4112-9C4C-2B357ED5FB53} = {E8E8EE11-4E71-432A-A1CA-D16BBC214BCE}
	EndGlobalSection
EndGlobal
